{"filter":false,"title":"composer.lock","tooltip":"/composer.lock","ace":{"folds":[],"scrolltop":0,"scrollleft":0,"selection":{"start":{"row":0,"column":0},"end":{"row":0,"column":0},"isBackwards":false},"options":{"guessTabSize":true,"useWrapMode":false,"wrapToView":true},"firstLineState":0},"hash":"fd3103ecc572753192f663cf54fe92c0cad8fe51","undoManager":{"mark":-1,"position":-1,"stack":[]},"timestamp":1480964804000}